
Microsoft Visual Studio Solution File, Format Version 12.00
# Visual Studio Version 17
VisualStudioVersion = 17.14.36401.2
MinimumVisualStudioVersion = 10.0.40219.1
Project("{FAE04EC0-301F-11D3-BF4B-00C04F79EFBC}") = "TeacherSubApp.Api", "TeacherSubApp.Api.csproj", "{16AD2A5A-F645-401C-A64E-F6499A29422F}"
EndProject
Project("{FAE04EC0-301F-11D3-BF4B-00C04F79EFBC}") = "TeacherSubApp.Seeder", "..\TeacherSubApp.Seeder\TeacherSubApp.Seeder.csproj", "{F745A812-4847-459A-B562-96DB40A3B002}"
EndProject
Global
	GlobalSection(SolutionConfigurationPlatforms) = preSolution
		Debug|Any CPU = Debug|Any CPU
		Release|Any CPU = Release|Any CPU
	EndGlobalSection
	GlobalSection(ProjectConfigurationPlatforms) = postSolution
		{16AD2A5A-F645-401C-A64E-F6499A29422F}.Debug|Any CPU.ActiveCfg = Debug|Any CPU
		{16AD2A5A-F645-401C-A64E-F6499A29422F}.Debug|Any CPU.Build.0 = Debug|Any CPU
		{16AD2A5A-F645-401C-A64E-F6499A29422F}.Release|Any CPU.ActiveCfg = Release|Any CPU
		{16AD2A5A-F645-401C-A64E-F6499A29422F}.Release|Any CPU.Build.0 = Release|Any CPU
		{F745A812-4847-459A-B562-96DB40A3B002}.Debug|Any CPU.ActiveCfg = Debug|Any CPU
		{F745A812-4847-459A-B562-96DB40A3B002}.Debug|Any CPU.Build.0 = Debug|Any CPU
		{F745A812-4847-459A-B562-96DB40A3B002}.Release|Any CPU.ActiveCfg = Release|Any CPU
		{F745A812-4847-459A-B562-96DB40A3B002}.Release|Any CPU.Build.0 = Release|Any CPU
	EndGlobalSection
	GlobalSection(SolutionProperties) = preSolution
		HideSolutionNode = FALSE
	EndGlobalSection
	GlobalSection(ExtensibilityGlobals) = postSolution
		SolutionGuid = {F9480BE9-CC08-4820-AA82-4210915A12D1}
	EndGlobalSection
EndGlobal
